
Microsoft Visual Studio Solution File, Format Version 12.00
# Visual Studio Version 17
VisualStudioVersion = 17.13.35828.75
MinimumVisualStudioVersion = 10.0.40219.1
Project("{FAE04EC0-301F-11D3-BF4B-00C04F79EFBC}") = "ManuscriptApi.Presentation", "ManuscriptApi.Presentation.csproj", "{632789D8-121D-4782-B72F-5ADEB39CBEA1}"
EndProject
Project("{FAE04EC0-301F-11D3-BF4B-00C04F79EFBC}") = "ManuscriptApi.Business", "..\ManuscriptApi.Business\ManuscriptApi.Business.csproj", "{11CD5694-60D8-4D47-9CFF-582E0C09FEC4}"
EndProject
Project("{FAE04EC0-301F-11D3-BF4B-00C04F79EFBC}") = "ManuscriptApi.DataAccess", "..\ManuscriptApi.DataAccess\ManuscriptApi.DataAccess.csproj", "{01E4BA9C-4E66-475C-9EAD-9323C7F07CF8}"
EndProject
Global
	GlobalSection(SolutionConfigurationPlatforms) = preSolution
		Debug|Any CPU = Debug|Any CPU
		Release|Any CPU = Release|Any CPU
	EndGlobalSection
	GlobalSection(ProjectConfigurationPlatforms) = postSolution
		{632789D8-121D-4782-B72F-5ADEB39CBEA1}.Debug|Any CPU.ActiveCfg = Debug|Any CPU
		{632789D8-121D-4782-B72F-5ADEB39CBEA1}.Debug|Any CPU.Build.0 = Debug|Any CPU
		{632789D8-121D-4782-B72F-5ADEB39CBEA1}.Release|Any CPU.ActiveCfg = Release|Any CPU
		{632789D8-121D-4782-B72F-5ADEB39CBEA1}.Release|Any CPU.Build.0 = Release|Any CPU
		{11CD5694-60D8-4D47-9CFF-582E0C09FEC4}.Debug|Any CPU.ActiveCfg = Debug|Any CPU
		{11CD5694-60D8-4D47-9CFF-582E0C09FEC4}.Debug|Any CPU.Build.0 = Debug|Any CPU
		{11CD5694-60D8-4D47-9CFF-582E0C09FEC4}.Release|Any CPU.ActiveCfg = Release|Any CPU
		{11CD5694-60D8-4D47-9CFF-582E0C09FEC4}.Release|Any CPU.Build.0 = Release|Any CPU
		{01E4BA9C-4E66-475C-9EAD-9323C7F07CF8}.Debug|Any CPU.ActiveCfg = Debug|Any CPU
		{01E4BA9C-4E66-475C-9EAD-9323C7F07CF8}.Debug|Any CPU.Build.0 = Debug|Any CPU
		{01E4BA9C-4E66-475C-9EAD-9323C7F07CF8}.Release|Any CPU.ActiveCfg = Release|Any CPU
		{01E4BA9C-4E66-475C-9EAD-9323C7F07CF8}.Release|Any CPU.Build.0 = Release|Any CPU
	EndGlobalSection
	GlobalSection(SolutionProperties) = preSolution
		HideSolutionNode = FALSE
	EndGlobalSection
	GlobalSection(ExtensibilityGlobals) = postSolution
		SolutionGuid = {BF1E2840-5BFB-4693-BB3E-BC237875013C}
	EndGlobalSection
EndGlobal
